// !$*UTF8*$!
{
	archiveVersion = 1;
	classes = {
	};
	objectVersion = 56;
	objects = {

/* Begin PBXBuildFile section */
		AFEADE1C2947BDC100891C14 /* MarketApp.swift in Sources */ = {isa = PBXBuildFile; fileRef = AFEADE1B2947BDC100891C14 /* MarketApp.swift */; };
		AFEADE202947BDC200891C14 /* Assets.xcassets in Resources */ = {isa = PBXBuildFile; fileRef = AFEADE1F2947BDC200891C14 /* Assets.xcassets */; };
		AFEADE232947BDC200891C14 /* Preview Assets.xcassets in Resources */ = {isa = PBXBuildFile; fileRef = AFEADE222947BDC200891C14 /* Preview Assets.xcassets */; };
		AFEADE2F2947C00C00891C14 /* ListOverviewView.swift in Sources */ = {isa = PBXBuildFile; fileRef = AFEADE2E2947C00C00891C14 /* ListOverviewView.swift */; };
		AFEADE312947C01700891C14 /* ListOverviewViewModel.swift in Sources */ = {isa = PBXBuildFile; fileRef = AFEADE302947C01700891C14 /* ListOverviewViewModel.swift */; };
		AFEADE332947C11B00891C14 /* ListDetailsViewModel.swift in Sources */ = {isa = PBXBuildFile; fileRef = AFEADE322947C11B00891C14 /* ListDetailsViewModel.swift */; };
		AFEADE352947C12600891C14 /* ListDetailsView.swift in Sources */ = {isa = PBXBuildFile; fileRef = AFEADE342947C12600891C14 /* ListDetailsView.swift */; };
		AFEADE392947C2FC00891C14 /* Colors.xcassets in Resources */ = {isa = PBXBuildFile; fileRef = AFEADE382947C2FC00891C14 /* Colors.xcassets */; };
		AFEADE402947C9FF00891C14 /* Quicksand-SemiBold.ttf in Resources */ = {isa = PBXBuildFile; fileRef = AFEADE3B2947C9FF00891C14 /* Quicksand-SemiBold.ttf */; };
		AFEADE412947C9FF00891C14 /* Quicksand-Medium.ttf in Resources */ = {isa = PBXBuildFile; fileRef = AFEADE3C2947C9FF00891C14 /* Quicksand-Medium.ttf */; };
		AFEADE422947C9FF00891C14 /* Quicksand-Light.ttf in Resources */ = {isa = PBXBuildFile; fileRef = AFEADE3D2947C9FF00891C14 /* Quicksand-Light.ttf */; };
		AFEADE432947C9FF00891C14 /* Quicksand-Bold.ttf in Resources */ = {isa = PBXBuildFile; fileRef = AFEADE3E2947C9FF00891C14 /* Quicksand-Bold.ttf */; };
		AFEADE442947C9FF00891C14 /* Quicksand-Regular.ttf in Resources */ = {isa = PBXBuildFile; fileRef = AFEADE3F2947C9FF00891C14 /* Quicksand-Regular.ttf */; };
		AFEADE462947CA2000891C14 /* ColorKeys.swift in Sources */ = {isa = PBXBuildFile; fileRef = AFEADE452947CA2000891C14 /* ColorKeys.swift */; };
		AFEADE482947CA7100891C14 /* FontKeys.swift in Sources */ = {isa = PBXBuildFile; fileRef = AFEADE472947CA7000891C14 /* FontKeys.swift */; };
		AFEADE4B2947CB2200891C14 /* ApplicationError.swift in Sources */ = {isa = PBXBuildFile; fileRef = AFEADE4A2947CB2200891C14 /* ApplicationError.swift */; };
/* End PBXBuildFile section */

/* Begin PBXFileReference section */
		AFEADE182947BDC100891C14 /* Market.app */ = {isa = PBXFileReference; explicitFileType = wrapper.application; includeInIndex = 0; path = Market.app; sourceTree = BUILT_PRODUCTS_DIR; };
		AFEADE1B2947BDC100891C14 /* MarketApp.swift */ = {isa = PBXFileReference; lastKnownFileType = sourcecode.swift; path = MarketApp.swift; sourceTree = "<group>"; };
		AFEADE1F2947BDC200891C14 /* Assets.xcassets */ = {isa = PBXFileReference; lastKnownFileType = folder.assetcatalog; path = Assets.xcassets; sourceTree = "<group>"; };
		AFEADE222947BDC200891C14 /* Preview Assets.xcassets */ = {isa = PBXFileReference; lastKnownFileType = folder.assetcatalog; path = "Preview Assets.xcassets"; sourceTree = "<group>"; };
		AFEADE2E2947C00C00891C14 /* ListOverviewView.swift */ = {isa = PBXFileReference; lastKnownFileType = sourcecode.swift; path = ListOverviewView.swift; sourceTree = "<group>"; };
		AFEADE302947C01700891C14 /* ListOverviewViewModel.swift */ = {isa = PBXFileReference; lastKnownFileType = sourcecode.swift; path = ListOverviewViewModel.swift; sourceTree = "<group>"; };
		AFEADE322947C11B00891C14 /* ListDetailsViewModel.swift */ = {isa = PBXFileReference; lastKnownFileType = sourcecode.swift; path = ListDetailsViewModel.swift; sourceTree = "<group>"; };
		AFEADE342947C12600891C14 /* ListDetailsView.swift */ = {isa = PBXFileReference; lastKnownFileType = sourcecode.swift; path = ListDetailsView.swift; sourceTree = "<group>"; };
		AFEADE382947C2FC00891C14 /* Colors.xcassets */ = {isa = PBXFileReference; lastKnownFileType = folder.assetcatalog; path = Colors.xcassets; sourceTree = "<group>"; };
		AFEADE3B2947C9FF00891C14 /* Quicksand-SemiBold.ttf */ = {isa = PBXFileReference; lastKnownFileType = file; path = "Quicksand-SemiBold.ttf"; sourceTree = "<group>"; };
		AFEADE3C2947C9FF00891C14 /* Quicksand-Medium.ttf */ = {isa = PBXFileReference; lastKnownFileType = file; path = "Quicksand-Medium.ttf"; sourceTree = "<group>"; };
		AFEADE3D2947C9FF00891C14 /* Quicksand-Light.ttf */ = {isa = PBXFileReference; lastKnownFileType = file; path = "Quicksand-Light.ttf"; sourceTree = "<group>"; };
		AFEADE3E2947C9FF00891C14 /* Quicksand-Bold.ttf */ = {isa = PBXFileReference; lastKnownFileType = file; path = "Quicksand-Bold.ttf"; sourceTree = "<group>"; };
		AFEADE3F2947C9FF00891C14 /* Quicksand-Regular.ttf */ = {isa = PBXFileReference; lastKnownFileType = file; path = "Quicksand-Regular.ttf"; sourceTree = "<group>"; };
		AFEADE452947CA2000891C14 /* ColorKeys.swift */ = {isa = PBXFileReference; lastKnownFileType = sourcecode.swift; path = ColorKeys.swift; sourceTree = "<group>"; };
		AFEADE472947CA7000891C14 /* FontKeys.swift */ = {isa = PBXFileReference; lastKnownFileType = sourcecode.swift; path = FontKeys.swift; sourceTree = "<group>"; };
		AFEADE4A2947CB2200891C14 /* ApplicationError.swift */ = {isa = PBXFileReference; lastKnownFileType = sourcecode.swift; path = ApplicationError.swift; sourceTree = "<group>"; };
/* End PBXFileReference section */

/* Begin PBXFrameworksBuildPhase section */
		AFEADE152947BDC100891C14 /* Frameworks */ = {
			isa = PBXFrameworksBuildPhase;
			buildActionMask = 2147483647;
			files = (
			);
			runOnlyForDeploymentPostprocessing = 0;
		};
/* End PBXFrameworksBuildPhase section */

/* Begin PBXGroup section */
		AFEADE0F2947BDC100891C14 = {
			isa = PBXGroup;
			children = (
				AFEADE1A2947BDC100891C14 /* Market */,
				AFEADE192947BDC100891C14 /* Products */,
			);
			sourceTree = "<group>";
		};
		AFEADE192947BDC100891C14 /* Products */ = {
			isa = PBXGroup;
			children = (
				AFEADE182947BDC100891C14 /* Market.app */,
			);
			name = Products;
			sourceTree = "<group>";
		};
		AFEADE1A2947BDC100891C14 /* Market */ = {
			isa = PBXGroup;
			children = (
				AFEADE1B2947BDC100891C14 /* MarketApp.swift */,
				AFEADE362947C28500891C14 /* Common */,
				AFEADE4D2947CD6600891C14 /* Models */,
				AFEADE212947BDC200891C14 /* Preview Content */,
				AFEADE2D2947BFE300891C14 /* Resources */,
				AFEADE2A2947BEE600891C14 /* Scenes */,
			);
			path = Market;
			sourceTree = "<group>";
		};
		AFEADE212947BDC200891C14 /* Preview Content */ = {
			isa = PBXGroup;
			children = (
				AFEADE222947BDC200891C14 /* Preview Assets.xcassets */,
			);
			path = "Preview Content";
			sourceTree = "<group>";
		};
		AFEADE2A2947BEE600891C14 /* Scenes */ = {
			isa = PBXGroup;
			children = (
				AFEADE2C2947BFD200891C14 /* List Overview */,
				AFEADE2B2947BFC300891C14 /* List Details */,
			);
			path = Scenes;
			sourceTree = "<group>";
		};
		AFEADE2B2947BFC300891C14 /* List Details */ = {
			isa = PBXGroup;
			children = (
				AFEADE342947C12600891C14 /* ListDetailsView.swift */,
				AFEADE322947C11B00891C14 /* ListDetailsViewModel.swift */,
			);
			path = "List Details";
			sourceTree = "<group>";
		};
		AFEADE2C2947BFD200891C14 /* List Overview */ = {
			isa = PBXGroup;
			children = (
				AFEADE2E2947C00C00891C14 /* ListOverviewView.swift */,
				AFEADE302947C01700891C14 /* ListOverviewViewModel.swift */,
			);
			path = "List Overview";
			sourceTree = "<group>";
		};
		AFEADE2D2947BFE300891C14 /* Resources */ = {
			isa = PBXGroup;
			children = (
				AFEADE3A2947C92900891C14 /* Fonts */,
				AFEADE1F2947BDC200891C14 /* Assets.xcassets */,
				AFEADE382947C2FC00891C14 /* Colors.xcassets */,
			);
			path = Resources;
			sourceTree = "<group>";
		};
		AFEADE362947C28500891C14 /* Common */ = {
			isa = PBXGroup;
			children = (
				AFEADE4C2947CBBC00891C14 /* UI Elements */,
				AFEADE492947CB1200891C14 /* Errors */,
				AFEADE372947C29400891C14 /* Keys */,
			);
			path = Common;
			sourceTree = "<group>";
		};
		AFEADE372947C29400891C14 /* Keys */ = {
			isa = PBXGroup;
			children = (
				AFEADE452947CA2000891C14 /* ColorKeys.swift */,
				AFEADE472947CA7000891C14 /* FontKeys.swift */,
			);
			path = Keys;
			sourceTree = "<group>";
		};
		AFEADE3A2947C92900891C14 /* Fonts */ = {
			isa = PBXGroup;
			children = (
				AFEADE3E2947C9FF00891C14 /* Quicksand-Bold.ttf */,
				AFEADE3D2947C9FF00891C14 /* Quicksand-Light.ttf */,
				AFEADE3C2947C9FF00891C14 /* Quicksand-Medium.ttf */,
				AFEADE3F2947C9FF00891C14 /* Quicksand-Regular.ttf */,
				AFEADE3B2947C9FF00891C14 /* Quicksand-SemiBold.ttf */,
			);
			path = Fonts;
			sourceTree = "<group>";
		};
		AFEADE492947CB1200891C14 /* Errors */ = {
			isa = PBXGroup;
			children = (
				AFEADE4A2947CB2200891C14 /* ApplicationError.swift */,
			);
			path = Errors;
			sourceTree = "<group>";
		};
		AFEADE4C2947CBBC00891C14 /* UI Elements */ = {
			isa = PBXGroup;
			children = (
			);
			path = "UI Elements";
			sourceTree = "<group>";
		};
		AFEADE4D2947CD6600891C14 /* Models */ = {
			isa = PBXGroup;
			children = (
			);
			path = Models;
			sourceTree = "<group>";
		};
/* End PBXGroup section */

/* Begin PBXNativeTarget section */
		AFEADE172947BDC100891C14 /* Market */ = {
			isa = PBXNativeTarget;
			buildConfigurationList = AFEADE262947BDC200891C14 /* Build configuration list for PBXNativeTarget "Market" */;
			buildPhases = (
				AFEADE142947BDC100891C14 /* Sources */,
				AFEADE152947BDC100891C14 /* Frameworks */,
				AFEADE162947BDC100891C14 /* Resources */,
			);
			buildRules = (
			);
			dependencies = (
			);
			name = Market;
			productName = Market;
			productReference = AFEADE182947BDC100891C14 /* Market.app */;
			productType = "com.apple.product-type.application";
		};
/* End PBXNativeTarget section */

/* Begin PBXProject section */
		AFEADE102947BDC100891C14 /* Project object */ = {
			isa = PBXProject;
			attributes = {
				BuildIndependentTargetsInParallel = 1;
				LastSwiftUpdateCheck = 1410;
				LastUpgradeCheck = 1410;
				TargetAttributes = {
					AFEADE172947BDC100891C14 = {
						CreatedOnToolsVersion = 14.1;
					};
				};
			};
			buildConfigurationList = AFEADE132947BDC100891C14 /* Build configuration list for PBXProject "Market" */;
			compatibilityVersion = "Xcode 14.0";
			developmentRegion = en;
			hasScannedForEncodings = 0;
			knownRegions = (
				en,
				Base,
			);
			mainGroup = AFEADE0F2947BDC100891C14;
			productRefGroup = AFEADE192947BDC100891C14 /* Products */;
			projectDirPath = "";
			projectRoot = "";
			targets = (
				AFEADE172947BDC100891C14 /* Market */,
			);
		};
/* End PBXProject section */

/* Begin PBXResourcesBuildPhase section */
		AFEADE162947BDC100891C14 /* Resources */ = {
			isa = PBXResourcesBuildPhase;
			buildActionMask = 2147483647;
			files = (
				AFEADE432947C9FF00891C14 /* Quicksand-Bold.ttf in Resources */,
				AFEADE392947C2FC00891C14 /* Colors.xcassets in Resources */,
				AFEADE402947C9FF00891C14 /* Quicksand-SemiBold.ttf in Resources */,
				AFEADE442947C9FF00891C14 /* Quicksand-Regular.ttf in Resources */,
				AFEADE232947BDC200891C14 /* Preview Assets.xcassets in Resources */,
				AFEADE422947C9FF00891C14 /* Quicksand-Light.ttf in Resources */,
				AFEADE202947BDC200891C14 /* Assets.xcassets in Resources */,
				AFEADE412947C9FF00891C14 /* Quicksand-Medium.ttf in Resources */,
			);
			runOnlyForDeploymentPostprocessing = 0;
		};
/* End PBXResourcesBuildPhase section */

/* Begin PBXSourcesBuildPhase section */
		AFEADE142947BDC100891C14 /* Sources */ = {
			isa = PBXSourcesBuildPhase;
			buildActionMask = 2147483647;
			files = (
				AFEADE332947C11B00891C14 /* ListDetailsViewModel.swift in Sources */,
				AFEADE312947C01700891C14 /* ListOverviewViewModel.swift in Sources */,
				AFEADE352947C12600891C14 /* ListDetailsView.swift in Sources */,
				AFEADE482947CA7100891C14 /* FontKeys.swift in Sources */,
				AFEADE2F2947C00C00891C14 /* ListOverviewView.swift in Sources */,
				AFEADE1C2947BDC100891C14 /* MarketApp.swift in Sources */,
				AFEADE462947CA2000891C14 /* ColorKeys.swift in Sources */,
				AFEADE4B2947CB2200891C14 /* ApplicationError.swift in Sources */,
			);
			runOnlyForDeploymentPostprocessing = 0;
		};
/* End PBXSourcesBuildPhase section */

/* Begin XCBuildConfiguration section */
		AFEADE242947BDC200891C14 /* Debug */ = {
			isa = XCBuildConfiguration;
			buildSettings = {
				ALWAYS_SEARCH_USER_PATHS = NO;
				CLANG_ANALYZER_NONNULL = YES;
				CLANG_ANALYZER_NUMBER_OBJECT_CONVERSION = YES_AGGRESSIVE;
				CLANG_CXX_LANGUAGE_STANDARD = "gnu++20";
				CLANG_ENABLE_MODULES = YES;
				CLANG_ENABLE_OBJC_ARC = YES;
				CLANG_ENABLE_OBJC_WEAK = YES;
				CLANG_WARN_BLOCK_CAPTURE_AUTORELEASING = YES;
				CLANG_WARN_BOOL_CONVERSION = YES;
				CLANG_WARN_COMMA = YES;
				CLANG_WARN_CONSTANT_CONVERSION = YES;
				CLANG_WARN_DEPRECATED_OBJC_IMPLEMENTATIONS = YES;
				CLANG_WARN_DIRECT_OBJC_ISA_USAGE = YES_ERROR;
				CLANG_WARN_DOCUMENTATION_COMMENTS = YES;
				CLANG_WARN_EMPTY_BODY = YES;
				CLANG_WARN_ENUM_CONVERSION = YES;
				CLANG_WARN_INFINITE_RECURSION = YES;
				CLANG_WARN_INT_CONVERSION = YES;
				CLANG_WARN_NON_LITERAL_NULL_CONVERSION = YES;
				CLANG_WARN_OBJC_IMPLICIT_RETAIN_SELF = YES;
				CLANG_WARN_OBJC_LITERAL_CONVERSION = YES;
				CLANG_WARN_OBJC_ROOT_CLASS = YES_ERROR;
				CLANG_WARN_QUOTED_INCLUDE_IN_FRAMEWORK_HEADER = YES;
				CLANG_WARN_RANGE_LOOP_ANALYSIS = YES;
				CLANG_WARN_STRICT_PROTOTYPES = YES;
				CLANG_WARN_SUSPICIOUS_MOVE = YES;
				CLANG_WARN_UNGUARDED_AVAILABILITY = YES_AGGRESSIVE;
				CLANG_WARN_UNREACHABLE_CODE = YES;
				CLANG_WARN__DUPLICATE_METHOD_MATCH = YES;
				COPY_PHASE_STRIP = NO;
				DEBUG_INFORMATION_FORMAT = dwarf;
				ENABLE_STRICT_OBJC_MSGSEND = YES;
				ENABLE_TESTABILITY = YES;
				GCC_C_LANGUAGE_STANDARD = gnu11;
				GCC_DYNAMIC_NO_PIC = NO;
				GCC_NO_COMMON_BLOCKS = YES;
				GCC_OPTIMIZATION_LEVEL = 0;
				GCC_PREPROCESSOR_DEFINITIONS = (
					"DEBUG=1",
					"$(inherited)",
				);
				GCC_WARN_64_TO_32_BIT_CONVERSION = YES;
				GCC_WARN_ABOUT_RETURN_TYPE = YES_ERROR;
				GCC_WARN_UNDECLARED_SELECTOR = YES;
				GCC_WARN_UNINITIALIZED_AUTOS = YES_AGGRESSIVE;
				GCC_WARN_UNUSED_FUNCTION = YES;
				GCC_WARN_UNUSED_VARIABLE = YES;
				IPHONEOS_DEPLOYMENT_TARGET = 16.1;
				MTL_ENABLE_DEBUG_INFO = INCLUDE_SOURCE;
				MTL_FAST_MATH = YES;
				ONLY_ACTIVE_ARCH = YES;
				SDKROOT = iphoneos;
				SWIFT_ACTIVE_COMPILATION_CONDITIONS = DEBUG;
				SWIFT_OPTIMIZATION_LEVEL = "-Onone";
			};
			name = Debug;
		};
		AFEADE252947BDC200891C14 /* Release */ = {
			isa = XCBuildConfiguration;
			buildSettings = {
				ALWAYS_SEARCH_USER_PATHS = NO;
				CLANG_ANALYZER_NONNULL = YES;
				CLANG_ANALYZER_NUMBER_OBJECT_CONVERSION = YES_AGGRESSIVE;
				CLANG_CXX_LANGUAGE_STANDARD = "gnu++20";
				CLANG_ENABLE_MODULES = YES;
				CLANG_ENABLE_OBJC_ARC = YES;
				CLANG_ENABLE_OBJC_WEAK = YES;
				CLANG_WARN_BLOCK_CAPTURE_AUTORELEASING = YES;
				CLANG_WARN_BOOL_CONVERSION = YES;
				CLANG_WARN_COMMA = YES;
				CLANG_WARN_CONSTANT_CONVERSION = YES;
				CLANG_WARN_DEPRECATED_OBJC_IMPLEMENTATIONS = YES;
				CLANG_WARN_DIRECT_OBJC_ISA_USAGE = YES_ERROR;
				CLANG_WARN_DOCUMENTATION_COMMENTS = YES;
				CLANG_WARN_EMPTY_BODY = YES;
				CLANG_WARN_ENUM_CONVERSION = YES;
				CLANG_WARN_INFINITE_RECURSION = YES;
				CLANG_WARN_INT_CONVERSION = YES;
				CLANG_WARN_NON_LITERAL_NULL_CONVERSION = YES;
				CLANG_WARN_OBJC_IMPLICIT_RETAIN_SELF = YES;
				CLANG_WARN_OBJC_LITERAL_CONVERSION = YES;
				CLANG_WARN_OBJC_ROOT_CLASS = YES_ERROR;
				CLANG_WARN_QUOTED_INCLUDE_IN_FRAMEWORK_HEADER = YES;
				CLANG_WARN_RANGE_LOOP_ANALYSIS = YES;
				CLANG_WARN_STRICT_PROTOTYPES = YES;
				CLANG_WARN_SUSPICIOUS_MOVE = YES;
				CLANG_WARN_UNGUARDED_AVAILABILITY = YES_AGGRESSIVE;
				CLANG_WARN_UNREACHABLE_CODE = YES;
				CLANG_WARN__DUPLICATE_METHOD_MATCH = YES;
				COPY_PHASE_STRIP = NO;
				DEBUG_INFORMATION_FORMAT = "dwarf-with-dsym";
				ENABLE_NS_ASSERTIONS = NO;
				ENABLE_STRICT_OBJC_MSGSEND = YES;
				GCC_C_LANGUAGE_STANDARD = gnu11;
				GCC_NO_COMMON_BLOCKS = YES;
				GCC_WARN_64_TO_32_BIT_CONVERSION = YES;
				GCC_WARN_ABOUT_RETURN_TYPE = YES_ERROR;
				GCC_WARN_UNDECLARED_SELECTOR = YES;
				GCC_WARN_UNINITIALIZED_AUTOS = YES_AGGRESSIVE;
				GCC_WARN_UNUSED_FUNCTION = YES;
				GCC_WARN_UNUSED_VARIABLE = YES;
				IPHONEOS_DEPLOYMENT_TARGET = 16.1;
				MTL_ENABLE_DEBUG_INFO = NO;
				MTL_FAST_MATH = YES;
				SDKROOT = iphoneos;
				SWIFT_COMPILATION_MODE = wholemodule;
				SWIFT_OPTIMIZATION_LEVEL = "-O";
				VALIDATE_PRODUCT = YES;
			};
			name = Release;
		};
		AFEADE272947BDC200891C14 /* Debug */ = {
			isa = XCBuildConfiguration;
			buildSettings = {
				ASSETCATALOG_COMPILER_APPICON_NAME = AppIcon;
				ASSETCATALOG_COMPILER_GLOBAL_ACCENT_COLOR_NAME = AccentColor;
				CODE_SIGN_STYLE = Automatic;
				CURRENT_PROJECT_VERSION = 1;
				DEVELOPMENT_ASSET_PATHS = "\"Market/Preview Content\"";
				DEVELOPMENT_TEAM = UFFYTBE3CU;
				ENABLE_PREVIEWS = YES;
				GENERATE_INFOPLIST_FILE = YES;
				INFOPLIST_KEY_UIApplicationSceneManifest_Generation = YES;
				INFOPLIST_KEY_UIApplicationSupportsIndirectInputEvents = YES;
				INFOPLIST_KEY_UILaunchScreen_Generation = YES;
				INFOPLIST_KEY_UISupportedInterfaceOrientations_iPad = "UIInterfaceOrientationPortrait UIInterfaceOrientationPortraitUpsideDown UIInterfaceOrientationLandscapeLeft UIInterfaceOrientationLandscapeRight";
				INFOPLIST_KEY_UISupportedInterfaceOrientations_iPhone = "UIInterfaceOrientationPortrait UIInterfaceOrientationLandscapeLeft UIInterfaceOrientationLandscapeRight";
				LD_RUNPATH_SEARCH_PATHS = (
					"$(inherited)",
					"@executable_path/Frameworks",
				);
				MARKETING_VERSION = 1.0;
				PRODUCT_BUNDLE_IDENTIFIER = nl.casperdaris.Market;
				PRODUCT_NAME = "$(TARGET_NAME)";
				SWIFT_EMIT_LOC_STRINGS = YES;
				SWIFT_VERSION = 5.0;
				TARGETED_DEVICE_FAMILY = "1,2";
			};
			name = Debug;
		};
		AFEADE282947BDC200891C14 /* Release */ = {
			isa = XCBuildConfiguration;
			buildSettings = {
				ASSETCATALOG_COMPILER_APPICON_NAME = AppIcon;
				ASSETCATALOG_COMPILER_GLOBAL_ACCENT_COLOR_NAME = AccentColor;
				CODE_SIGN_STYLE = Automatic;
				CURRENT_PROJECT_VERSION = 1;
				DEVELOPMENT_ASSET_PATHS = "\"Market/Preview Content\"";
				DEVELOPMENT_TEAM = UFFYTBE3CU;
				ENABLE_PREVIEWS = YES;
				GENERATE_INFOPLIST_FILE = YES;
				INFOPLIST_KEY_UIApplicationSceneManifest_Generation = YES;
				INFOPLIST_KEY_UIApplicationSupportsIndirectInputEvents = YES;
				INFOPLIST_KEY_UILaunchScreen_Generation = YES;
				INFOPLIST_KEY_UISupportedInterfaceOrientations_iPad = "UIInterfaceOrientationPortrait UIInterfaceOrientationPortraitUpsideDown UIInterfaceOrientationLandscapeLeft UIInterfaceOrientationLandscapeRight";
				INFOPLIST_KEY_UISupportedInterfaceOrientations_iPhone = "UIInterfaceOrientationPortrait UIInterfaceOrientationLandscapeLeft UIInterfaceOrientationLandscapeRight";
				LD_RUNPATH_SEARCH_PATHS = (
					"$(inherited)",
					"@executable_path/Frameworks",
				);
				MARKETING_VERSION = 1.0;
				PRODUCT_BUNDLE_IDENTIFIER = nl.casperdaris.Market;
				PRODUCT_NAME = "$(TARGET_NAME)";
				SWIFT_EMIT_LOC_STRINGS = YES;
				SWIFT_VERSION = 5.0;
				TARGETED_DEVICE_FAMILY = "1,2";
			};
			name = Release;
		};
/* End XCBuildConfiguration section */

/* Begin XCConfigurationList section */
		AFEADE132947BDC100891C14 /* Build configuration list for PBXProject "Market" */ = {
			isa = XCConfigurationList;
			buildConfigurations = (
				AFEADE242947BDC200891C14 /* Debug */,
				AFEADE252947BDC200891C14 /* Release */,
			);
			defaultConfigurationIsVisible = 0;
			defaultConfigurationName = Release;
		};
		AFEADE262947BDC200891C14 /* Build configuration list for PBXNativeTarget "Market" */ = {
			isa = XCConfigurationList;
			buildConfigurations = (
				AFEADE272947BDC200891C14 /* Debug */,
				AFEADE282947BDC200891C14 /* Release */,
			);
			defaultConfigurationIsVisible = 0;
			defaultConfigurationName = Release;
		};
/* End XCConfigurationList section */
	};
	rootObject = AFEADE102947BDC100891C14 /* Project object */;
}
