// !$*UTF8*$!
{
	archiveVersion = 1;
	classes = {
	};
	objectVersion = 56;
	objects = {

/* Begin PBXBuildFile section */
		AF0EE43B297C370C006DD7E0 /* ItemEntity + Stubs.swift in Sources */ = {isa = PBXBuildFile; fileRef = AF0EE43A297C370C006DD7E0 /* ItemEntity + Stubs.swift */; };
		AF0EE444297C3AED006DD7E0 /* MarketTests.swift in Sources */ = {isa = PBXBuildFile; fileRef = AF0EE443297C3AED006DD7E0 /* MarketTests.swift */; };
		AF1DB530297EE7B300D3B298 /* CoreDataManager.swift in Sources */ = {isa = PBXBuildFile; fileRef = AF1DB52F297EE7B300D3B298 /* CoreDataManager.swift */; };
		AF1DB53329816EB900D3B298 /* ItemEntityProvider.swift in Sources */ = {isa = PBXBuildFile; fileRef = AF1DB53229816EB900D3B298 /* ItemEntityProvider.swift */; };
		AF1DB53629828B3400D3B298 /* ItemEntityProviderMock.swift in Sources */ = {isa = PBXBuildFile; fileRef = AF1DB53529828B3400D3B298 /* ItemEntityProviderMock.swift */; };
		AF3483B02979B6AE0018AE5F /* Factory in Frameworks */ = {isa = PBXBuildFile; productRef = AF3483AF2979B6AE0018AE5F /* Factory */; };
		AF3483B32979B6D50018AE5F /* Container + Extensions.swift in Sources */ = {isa = PBXBuildFile; fileRef = AF3483B22979B6D50018AE5F /* Container + Extensions.swift */; };
		AF3483B5297A9F940018AE5F /* TestView.swift in Sources */ = {isa = PBXBuildFile; fileRef = AF3483B4297A9F940018AE5F /* TestView.swift */; };
		AF3483B8297A9FCE0018AE5F /* TestViewModel.swift in Sources */ = {isa = PBXBuildFile; fileRef = AF3483B7297A9FCE0018AE5F /* TestViewModel.swift */; };
		AF7C5CDB2975D12E00801F39 /* ItemRow.swift in Sources */ = {isa = PBXBuildFile; fileRef = AF7C5CDA2975D12E00801F39 /* ItemRow.swift */; };
		AF7C5CDE2975F89100801F39 /* Market.xcdatamodeld in Sources */ = {isa = PBXBuildFile; fileRef = AF7C5CDC2975F89100801F39 /* Market.xcdatamodeld */; };
		AF86425A297CA71700DCA0FA /* FocusFields.swift in Sources */ = {isa = PBXBuildFile; fileRef = AF864259297CA71700DCA0FA /* FocusFields.swift */; };
		AF8D2F9929A29CCD0089FE1A /* SectionHeader.swift in Sources */ = {isa = PBXBuildFile; fileRef = AF8D2F9829A29CCD0089FE1A /* SectionHeader.swift */; };
		AF8D2F9B29A2ABDA0089FE1A /* SectionEntityProvider.swift in Sources */ = {isa = PBXBuildFile; fileRef = AF8D2F9A29A2ABDA0089FE1A /* SectionEntityProvider.swift */; };
		AF8D2F9D29A2B3AD0089FE1A /* SectionEntity + Stubs.swift in Sources */ = {isa = PBXBuildFile; fileRef = AF8D2F9C29A2B3AD0089FE1A /* SectionEntity + Stubs.swift */; };
		AFDC501129A96A6D000DAF1A /* ItemEntity+CoreDataClass.swift in Sources */ = {isa = PBXBuildFile; fileRef = AFDC500D29A96A6D000DAF1A /* ItemEntity+CoreDataClass.swift */; };
		AFDC501229A96A6D000DAF1A /* ItemEntity+CoreDataProperties.swift in Sources */ = {isa = PBXBuildFile; fileRef = AFDC500E29A96A6D000DAF1A /* ItemEntity+CoreDataProperties.swift */; };
		AFDC501329A96A6D000DAF1A /* SectionEntity+CoreDataClass.swift in Sources */ = {isa = PBXBuildFile; fileRef = AFDC500F29A96A6D000DAF1A /* SectionEntity+CoreDataClass.swift */; };
		AFDC501429A96A6D000DAF1A /* SectionEntity+CoreDataProperties.swift in Sources */ = {isa = PBXBuildFile; fileRef = AFDC501029A96A6D000DAF1A /* SectionEntity+CoreDataProperties.swift */; };
		AFE0C5D029A78AFB00F3E825 /* UINavigationController + Appearance.swift in Sources */ = {isa = PBXBuildFile; fileRef = AFE0C5CF29A78AFB00F3E825 /* UINavigationController + Appearance.swift */; };
		AFE3610B29AA759500C29FC0 /* IconKeys.swift in Sources */ = {isa = PBXBuildFile; fileRef = AFE3610A29AA759500C29FC0 /* IconKeys.swift */; };
		AFEADE1C2947BDC100891C14 /* MarketApp.swift in Sources */ = {isa = PBXBuildFile; fileRef = AFEADE1B2947BDC100891C14 /* MarketApp.swift */; };
		AFEADE202947BDC200891C14 /* Assets.xcassets in Resources */ = {isa = PBXBuildFile; fileRef = AFEADE1F2947BDC200891C14 /* Assets.xcassets */; };
		AFEADE232947BDC200891C14 /* Preview Assets.xcassets in Resources */ = {isa = PBXBuildFile; fileRef = AFEADE222947BDC200891C14 /* Preview Assets.xcassets */; };
		AFEADE2F2947C00C00891C14 /* ListOverviewView.swift in Sources */ = {isa = PBXBuildFile; fileRef = AFEADE2E2947C00C00891C14 /* ListOverviewView.swift */; };
		AFEADE312947C01700891C14 /* ListOverviewViewModel.swift in Sources */ = {isa = PBXBuildFile; fileRef = AFEADE302947C01700891C14 /* ListOverviewViewModel.swift */; };
		AFEADE392947C2FC00891C14 /* Colors.xcassets in Resources */ = {isa = PBXBuildFile; fileRef = AFEADE382947C2FC00891C14 /* Colors.xcassets */; };
		AFEADE402947C9FF00891C14 /* Quicksand-SemiBold.ttf in Resources */ = {isa = PBXBuildFile; fileRef = AFEADE3B2947C9FF00891C14 /* Quicksand-SemiBold.ttf */; };
		AFEADE412947C9FF00891C14 /* Quicksand-Medium.ttf in Resources */ = {isa = PBXBuildFile; fileRef = AFEADE3C2947C9FF00891C14 /* Quicksand-Medium.ttf */; };
		AFEADE422947C9FF00891C14 /* Quicksand-Light.ttf in Resources */ = {isa = PBXBuildFile; fileRef = AFEADE3D2947C9FF00891C14 /* Quicksand-Light.ttf */; };
		AFEADE432947C9FF00891C14 /* Quicksand-Bold.ttf in Resources */ = {isa = PBXBuildFile; fileRef = AFEADE3E2947C9FF00891C14 /* Quicksand-Bold.ttf */; };
		AFEADE442947C9FF00891C14 /* Quicksand-Regular.ttf in Resources */ = {isa = PBXBuildFile; fileRef = AFEADE3F2947C9FF00891C14 /* Quicksand-Regular.ttf */; };
		AFEADE462947CA2000891C14 /* ColorKeys.swift in Sources */ = {isa = PBXBuildFile; fileRef = AFEADE452947CA2000891C14 /* ColorKeys.swift */; };
		AFEADE482947CA7100891C14 /* FontKeys.swift in Sources */ = {isa = PBXBuildFile; fileRef = AFEADE472947CA7000891C14 /* FontKeys.swift */; };
		AFEADE4B2947CB2200891C14 /* ApplicationError.swift in Sources */ = {isa = PBXBuildFile; fileRef = AFEADE4A2947CB2200891C14 /* ApplicationError.swift */; };
/* End PBXBuildFile section */

/* Begin PBXContainerItemProxy section */
		AF0EE445297C3AED006DD7E0 /* PBXContainerItemProxy */ = {
			isa = PBXContainerItemProxy;
			containerPortal = AFEADE102947BDC100891C14 /* Project object */;
			proxyType = 1;
			remoteGlobalIDString = AFEADE172947BDC100891C14;
			remoteInfo = Market;
		};
/* End PBXContainerItemProxy section */

/* Begin PBXFileReference section */
		AF0EE43A297C370C006DD7E0 /* ItemEntity + Stubs.swift */ = {isa = PBXFileReference; lastKnownFileType = sourcecode.swift; path = "ItemEntity + Stubs.swift"; sourceTree = "<group>"; };
		AF0EE441297C3AED006DD7E0 /* MarketTests.xctest */ = {isa = PBXFileReference; explicitFileType = wrapper.cfbundle; includeInIndex = 0; path = MarketTests.xctest; sourceTree = BUILT_PRODUCTS_DIR; };
		AF0EE443297C3AED006DD7E0 /* MarketTests.swift */ = {isa = PBXFileReference; lastKnownFileType = sourcecode.swift; path = MarketTests.swift; sourceTree = "<group>"; };
		AF1DB52F297EE7B300D3B298 /* CoreDataManager.swift */ = {isa = PBXFileReference; lastKnownFileType = sourcecode.swift; path = CoreDataManager.swift; sourceTree = "<group>"; };
		AF1DB53229816EB900D3B298 /* ItemEntityProvider.swift */ = {isa = PBXFileReference; lastKnownFileType = sourcecode.swift; path = ItemEntityProvider.swift; sourceTree = "<group>"; };
		AF1DB53529828B3400D3B298 /* ItemEntityProviderMock.swift */ = {isa = PBXFileReference; lastKnownFileType = sourcecode.swift; path = ItemEntityProviderMock.swift; sourceTree = "<group>"; };
		AF3483B22979B6D50018AE5F /* Container + Extensions.swift */ = {isa = PBXFileReference; lastKnownFileType = sourcecode.swift; path = "Container + Extensions.swift"; sourceTree = "<group>"; };
		AF3483B4297A9F940018AE5F /* TestView.swift */ = {isa = PBXFileReference; lastKnownFileType = sourcecode.swift; path = TestView.swift; sourceTree = "<group>"; };
		AF3483B7297A9FCE0018AE5F /* TestViewModel.swift */ = {isa = PBXFileReference; lastKnownFileType = sourcecode.swift; path = TestViewModel.swift; sourceTree = "<group>"; };
		AF7C5CDA2975D12E00801F39 /* ItemRow.swift */ = {isa = PBXFileReference; lastKnownFileType = sourcecode.swift; path = ItemRow.swift; sourceTree = "<group>"; };
		AF7C5CDD2975F89100801F39 /* Market.xcdatamodel */ = {isa = PBXFileReference; lastKnownFileType = wrapper.xcdatamodel; path = Market.xcdatamodel; sourceTree = "<group>"; };
		AF864259297CA71700DCA0FA /* FocusFields.swift */ = {isa = PBXFileReference; lastKnownFileType = sourcecode.swift; path = FocusFields.swift; sourceTree = "<group>"; };
		AF8D2F9829A29CCD0089FE1A /* SectionHeader.swift */ = {isa = PBXFileReference; lastKnownFileType = sourcecode.swift; path = SectionHeader.swift; sourceTree = "<group>"; };
		AF8D2F9A29A2ABDA0089FE1A /* SectionEntityProvider.swift */ = {isa = PBXFileReference; lastKnownFileType = sourcecode.swift; path = SectionEntityProvider.swift; sourceTree = "<group>"; };
		AF8D2F9C29A2B3AD0089FE1A /* SectionEntity + Stubs.swift */ = {isa = PBXFileReference; lastKnownFileType = sourcecode.swift; path = "SectionEntity + Stubs.swift"; sourceTree = "<group>"; };
		AFDC500D29A96A6D000DAF1A /* ItemEntity+CoreDataClass.swift */ = {isa = PBXFileReference; lastKnownFileType = sourcecode.swift; path = "ItemEntity+CoreDataClass.swift"; sourceTree = "<group>"; };
		AFDC500E29A96A6D000DAF1A /* ItemEntity+CoreDataProperties.swift */ = {isa = PBXFileReference; lastKnownFileType = sourcecode.swift; path = "ItemEntity+CoreDataProperties.swift"; sourceTree = "<group>"; };
		AFDC500F29A96A6D000DAF1A /* SectionEntity+CoreDataClass.swift */ = {isa = PBXFileReference; lastKnownFileType = sourcecode.swift; path = "SectionEntity+CoreDataClass.swift"; sourceTree = "<group>"; };
		AFDC501029A96A6D000DAF1A /* SectionEntity+CoreDataProperties.swift */ = {isa = PBXFileReference; lastKnownFileType = sourcecode.swift; path = "SectionEntity+CoreDataProperties.swift"; sourceTree = "<group>"; };
		AFE0C5C629A77F6B00F3E825 /* Info.plist */ = {isa = PBXFileReference; lastKnownFileType = text.plist; path = Info.plist; sourceTree = "<group>"; };
		AFE0C5CF29A78AFB00F3E825 /* UINavigationController + Appearance.swift */ = {isa = PBXFileReference; lastKnownFileType = sourcecode.swift; path = "UINavigationController + Appearance.swift"; sourceTree = "<group>"; };
		AFE3610A29AA759500C29FC0 /* IconKeys.swift */ = {isa = PBXFileReference; lastKnownFileType = sourcecode.swift; path = IconKeys.swift; sourceTree = "<group>"; };
		AFEADE182947BDC100891C14 /* Market.app */ = {isa = PBXFileReference; explicitFileType = wrapper.application; includeInIndex = 0; path = Market.app; sourceTree = BUILT_PRODUCTS_DIR; };
		AFEADE1B2947BDC100891C14 /* MarketApp.swift */ = {isa = PBXFileReference; lastKnownFileType = sourcecode.swift; path = MarketApp.swift; sourceTree = "<group>"; };
		AFEADE1F2947BDC200891C14 /* Assets.xcassets */ = {isa = PBXFileReference; lastKnownFileType = folder.assetcatalog; path = Assets.xcassets; sourceTree = "<group>"; };
		AFEADE222947BDC200891C14 /* Preview Assets.xcassets */ = {isa = PBXFileReference; lastKnownFileType = folder.assetcatalog; path = "Preview Assets.xcassets"; sourceTree = "<group>"; };
		AFEADE2E2947C00C00891C14 /* ListOverviewView.swift */ = {isa = PBXFileReference; lastKnownFileType = sourcecode.swift; path = ListOverviewView.swift; sourceTree = "<group>"; };
		AFEADE302947C01700891C14 /* ListOverviewViewModel.swift */ = {isa = PBXFileReference; lastKnownFileType = sourcecode.swift; path = ListOverviewViewModel.swift; sourceTree = "<group>"; };
		AFEADE382947C2FC00891C14 /* Colors.xcassets */ = {isa = PBXFileReference; lastKnownFileType = folder.assetcatalog; path = Colors.xcassets; sourceTree = "<group>"; };
		AFEADE3B2947C9FF00891C14 /* Quicksand-SemiBold.ttf */ = {isa = PBXFileReference; lastKnownFileType = file; path = "Quicksand-SemiBold.ttf"; sourceTree = "<group>"; };
		AFEADE3C2947C9FF00891C14 /* Quicksand-Medium.ttf */ = {isa = PBXFileReference; lastKnownFileType = file; path = "Quicksand-Medium.ttf"; sourceTree = "<group>"; };
		AFEADE3D2947C9FF00891C14 /* Quicksand-Light.ttf */ = {isa = PBXFileReference; lastKnownFileType = file; path = "Quicksand-Light.ttf"; sourceTree = "<group>"; };
		AFEADE3E2947C9FF00891C14 /* Quicksand-Bold.ttf */ = {isa = PBXFileReference; lastKnownFileType = file; path = "Quicksand-Bold.ttf"; sourceTree = "<group>"; };
		AFEADE3F2947C9FF00891C14 /* Quicksand-Regular.ttf */ = {isa = PBXFileReference; lastKnownFileType = file; path = "Quicksand-Regular.ttf"; sourceTree = "<group>"; };
		AFEADE452947CA2000891C14 /* ColorKeys.swift */ = {isa = PBXFileReference; lastKnownFileType = sourcecode.swift; path = ColorKeys.swift; sourceTree = "<group>"; };
		AFEADE472947CA7000891C14 /* FontKeys.swift */ = {isa = PBXFileReference; lastKnownFileType = sourcecode.swift; path = FontKeys.swift; sourceTree = "<group>"; };
		AFEADE4A2947CB2200891C14 /* ApplicationError.swift */ = {isa = PBXFileReference; lastKnownFileType = sourcecode.swift; path = ApplicationError.swift; sourceTree = "<group>"; };
/* End PBXFileReference section */

/* Begin PBXFrameworksBuildPhase section */
		AF0EE43E297C3AED006DD7E0 /* Frameworks */ = {
			isa = PBXFrameworksBuildPhase;
			buildActionMask = 2147483647;
			files = (
			);
			runOnlyForDeploymentPostprocessing = 0;
		};
		AFEADE152947BDC100891C14 /* Frameworks */ = {
			isa = PBXFrameworksBuildPhase;
			buildActionMask = 2147483647;
			files = (
				AF3483B02979B6AE0018AE5F /* Factory in Frameworks */,
			);
			runOnlyForDeploymentPostprocessing = 0;
		};
/* End PBXFrameworksBuildPhase section */

/* Begin PBXGroup section */
		AF0EE442297C3AED006DD7E0 /* MarketTests */ = {
			isa = PBXGroup;
			children = (
				AF1DB53429828B1D00D3B298 /* Mocks */,
				AF0EE443297C3AED006DD7E0 /* MarketTests.swift */,
			);
			path = MarketTests;
			sourceTree = "<group>";
		};
		AF1DB53129816EA600D3B298 /* Core Data */ = {
			isa = PBXGroup;
			children = (
				AF1DB52F297EE7B300D3B298 /* CoreDataManager.swift */,
				AF1DB53229816EB900D3B298 /* ItemEntityProvider.swift */,
				AF8D2F9A29A2ABDA0089FE1A /* SectionEntityProvider.swift */,
			);
			path = "Core Data";
			sourceTree = "<group>";
		};
		AF1DB53429828B1D00D3B298 /* Mocks */ = {
			isa = PBXGroup;
			children = (
				AF1DB53529828B3400D3B298 /* ItemEntityProviderMock.swift */,
			);
			path = Mocks;
			sourceTree = "<group>";
		};
		AF3483B12979B6C30018AE5F /* Extensions */ = {
			isa = PBXGroup;
			children = (
				AF3483B22979B6D50018AE5F /* Container + Extensions.swift */,
				AFE0C5CF29A78AFB00F3E825 /* UINavigationController + Appearance.swift */,
			);
			path = Extensions;
			sourceTree = "<group>";
		};
		AF3483B6297A9F970018AE5F /* TestView */ = {
			isa = PBXGroup;
			children = (
				AF3483B4297A9F940018AE5F /* TestView.swift */,
				AF3483B7297A9FCE0018AE5F /* TestViewModel.swift */,
			);
			path = TestView;
			sourceTree = "<group>";
		};
		AF3AC797298A981C006622E9 /* Stubs */ = {
			isa = PBXGroup;
			children = (
				AF0EE43A297C370C006DD7E0 /* ItemEntity + Stubs.swift */,
				AF8D2F9C29A2B3AD0089FE1A /* SectionEntity + Stubs.swift */,
			);
			path = Stubs;
			sourceTree = "<group>";
		};
		AF864258297CA6FF00DCA0FA /* Enums */ = {
			isa = PBXGroup;
			children = (
				AF864259297CA71700DCA0FA /* FocusFields.swift */,
			);
			path = Enums;
			sourceTree = "<group>";
		};
		AFB840612947DE6700857EEB /* Managers */ = {
			isa = PBXGroup;
			children = (
				AF1DB53129816EA600D3B298 /* Core Data */,
			);
			path = Managers;
			sourceTree = "<group>";
		};
		AFEADE0F2947BDC100891C14 = {
			isa = PBXGroup;
			children = (
				AFEADE1A2947BDC100891C14 /* Market */,
				AF0EE442297C3AED006DD7E0 /* MarketTests */,
				AFEADE192947BDC100891C14 /* Products */,
			);
			sourceTree = "<group>";
		};
		AFEADE192947BDC100891C14 /* Products */ = {
			isa = PBXGroup;
			children = (
				AFEADE182947BDC100891C14 /* Market.app */,
				AF0EE441297C3AED006DD7E0 /* MarketTests.xctest */,
			);
			name = Products;
			sourceTree = "<group>";
		};
		AFEADE1A2947BDC100891C14 /* Market */ = {
			isa = PBXGroup;
			children = (
				AFE0C5C629A77F6B00F3E825 /* Info.plist */,
				AFEADE1B2947BDC100891C14 /* MarketApp.swift */,
				AFEADE362947C28500891C14 /* Common */,
				AFEADE4D2947CD6600891C14 /* Models */,
				AFEADE212947BDC200891C14 /* Preview Content */,
				AFEADE2D2947BFE300891C14 /* Resources */,
				AFEADE2A2947BEE600891C14 /* Scenes */,
			);
			path = Market;
			sourceTree = "<group>";
		};
		AFEADE212947BDC200891C14 /* Preview Content */ = {
			isa = PBXGroup;
			children = (
				AFEADE222947BDC200891C14 /* Preview Assets.xcassets */,
			);
			path = "Preview Content";
			sourceTree = "<group>";
		};
		AFEADE2A2947BEE600891C14 /* Scenes */ = {
			isa = PBXGroup;
			children = (
				AF3483B6297A9F970018AE5F /* TestView */,
				AFEADE2C2947BFD200891C14 /* List Overview */,
			);
			path = Scenes;
			sourceTree = "<group>";
		};
		AFEADE2C2947BFD200891C14 /* List Overview */ = {
			isa = PBXGroup;
			children = (
				AFEADE2E2947C00C00891C14 /* ListOverviewView.swift */,
				AFEADE302947C01700891C14 /* ListOverviewViewModel.swift */,
			);
			path = "List Overview";
			sourceTree = "<group>";
		};
		AFEADE2D2947BFE300891C14 /* Resources */ = {
			isa = PBXGroup;
			children = (
				AFEADE1F2947BDC200891C14 /* Assets.xcassets */,
				AFEADE382947C2FC00891C14 /* Colors.xcassets */,
				AFEADE3A2947C92900891C14 /* Fonts */,
			);
			path = Resources;
			sourceTree = "<group>";
		};
		AFEADE362947C28500891C14 /* Common */ = {
			isa = PBXGroup;
			children = (
				AF3AC797298A981C006622E9 /* Stubs */,
				AF864258297CA6FF00DCA0FA /* Enums */,
				AF3483B12979B6C30018AE5F /* Extensions */,
				AFB840612947DE6700857EEB /* Managers */,
				AFEADE4C2947CBBC00891C14 /* UI Elements */,
				AFEADE492947CB1200891C14 /* Errors */,
				AFEADE372947C29400891C14 /* Keys */,
			);
			path = Common;
			sourceTree = "<group>";
		};
		AFEADE372947C29400891C14 /* Keys */ = {
			isa = PBXGroup;
			children = (
				AFEADE452947CA2000891C14 /* ColorKeys.swift */,
				AFEADE472947CA7000891C14 /* FontKeys.swift */,
				AFE3610A29AA759500C29FC0 /* IconKeys.swift */,
			);
			path = Keys;
			sourceTree = "<group>";
		};
		AFEADE3A2947C92900891C14 /* Fonts */ = {
			isa = PBXGroup;
			children = (
				AFEADE3E2947C9FF00891C14 /* Quicksand-Bold.ttf */,
				AFEADE3D2947C9FF00891C14 /* Quicksand-Light.ttf */,
				AFEADE3C2947C9FF00891C14 /* Quicksand-Medium.ttf */,
				AFEADE3F2947C9FF00891C14 /* Quicksand-Regular.ttf */,
				AFEADE3B2947C9FF00891C14 /* Quicksand-SemiBold.ttf */,
			);
			path = Fonts;
			sourceTree = "<group>";
		};
		AFEADE492947CB1200891C14 /* Errors */ = {
			isa = PBXGroup;
			children = (
				AFEADE4A2947CB2200891C14 /* ApplicationError.swift */,
			);
			path = Errors;
			sourceTree = "<group>";
		};
		AFEADE4C2947CBBC00891C14 /* UI Elements */ = {
			isa = PBXGroup;
			children = (
				AF7C5CDA2975D12E00801F39 /* ItemRow.swift */,
				AF8D2F9829A29CCD0089FE1A /* SectionHeader.swift */,
			);
			path = "UI Elements";
			sourceTree = "<group>";
		};
		AFEADE4D2947CD6600891C14 /* Models */ = {
			isa = PBXGroup;
			children = (
				AFDC500D29A96A6D000DAF1A /* ItemEntity+CoreDataClass.swift */,
				AFDC500E29A96A6D000DAF1A /* ItemEntity+CoreDataProperties.swift */,
				AFDC500F29A96A6D000DAF1A /* SectionEntity+CoreDataClass.swift */,
				AFDC501029A96A6D000DAF1A /* SectionEntity+CoreDataProperties.swift */,
				AF7C5CDC2975F89100801F39 /* Market.xcdatamodeld */,
			);
			path = Models;
			sourceTree = "<group>";
		};
/* End PBXGroup section */

/* Begin PBXNativeTarget section */
		AF0EE440297C3AED006DD7E0 /* MarketTests */ = {
			isa = PBXNativeTarget;
			buildConfigurationList = AF0EE447297C3AED006DD7E0 /* Build configuration list for PBXNativeTarget "MarketTests" */;
			buildPhases = (
				AF0EE43D297C3AED006DD7E0 /* Sources */,
				AF0EE43E297C3AED006DD7E0 /* Frameworks */,
				AF0EE43F297C3AED006DD7E0 /* Resources */,
			);
			buildRules = (
			);
			dependencies = (
				AF0EE446297C3AED006DD7E0 /* PBXTargetDependency */,
			);
			name = MarketTests;
			productName = MarketTests;
			productReference = AF0EE441297C3AED006DD7E0 /* MarketTests.xctest */;
			productType = "com.apple.product-type.bundle.unit-test";
		};
		AFEADE172947BDC100891C14 /* Market */ = {
			isa = PBXNativeTarget;
			buildConfigurationList = AFEADE262947BDC200891C14 /* Build configuration list for PBXNativeTarget "Market" */;
			buildPhases = (
				AFEADE142947BDC100891C14 /* Sources */,
				AFEADE152947BDC100891C14 /* Frameworks */,
				AFEADE162947BDC100891C14 /* Resources */,
			);
			buildRules = (
			);
			dependencies = (
			);
			name = Market;
			packageProductDependencies = (
				AF3483AF2979B6AE0018AE5F /* Factory */,
			);
			productName = Market;
			productReference = AFEADE182947BDC100891C14 /* Market.app */;
			productType = "com.apple.product-type.application";
		};
/* End PBXNativeTarget section */

/* Begin PBXProject section */
		AFEADE102947BDC100891C14 /* Project object */ = {
			isa = PBXProject;
			attributes = {
				BuildIndependentTargetsInParallel = 1;
				LastSwiftUpdateCheck = 1420;
				LastUpgradeCheck = 1410;
				TargetAttributes = {
					AF0EE440297C3AED006DD7E0 = {
						CreatedOnToolsVersion = 14.2;
						TestTargetID = AFEADE172947BDC100891C14;
					};
					AFEADE172947BDC100891C14 = {
						CreatedOnToolsVersion = 14.1;
					};
				};
			};
			buildConfigurationList = AFEADE132947BDC100891C14 /* Build configuration list for PBXProject "Market" */;
			compatibilityVersion = "Xcode 14.0";
			developmentRegion = en;
			hasScannedForEncodings = 0;
			knownRegions = (
				en,
				Base,
			);
			mainGroup = AFEADE0F2947BDC100891C14;
			packageReferences = (
				AF3483AE2979B6AE0018AE5F /* XCRemoteSwiftPackageReference "Factory" */,
			);
			productRefGroup = AFEADE192947BDC100891C14 /* Products */;
			projectDirPath = "";
			projectRoot = "";
			targets = (
				AFEADE172947BDC100891C14 /* Market */,
				AF0EE440297C3AED006DD7E0 /* MarketTests */,
			);
		};
/* End PBXProject section */

/* Begin PBXResourcesBuildPhase section */
		AF0EE43F297C3AED006DD7E0 /* Resources */ = {
			isa = PBXResourcesBuildPhase;
			buildActionMask = 2147483647;
			files = (
			);
			runOnlyForDeploymentPostprocessing = 0;
		};
		AFEADE162947BDC100891C14 /* Resources */ = {
			isa = PBXResourcesBuildPhase;
			buildActionMask = 2147483647;
			files = (
				AFEADE432947C9FF00891C14 /* Quicksand-Bold.ttf in Resources */,
				AFEADE392947C2FC00891C14 /* Colors.xcassets in Resources */,
				AFEADE402947C9FF00891C14 /* Quicksand-SemiBold.ttf in Resources */,
				AFEADE442947C9FF00891C14 /* Quicksand-Regular.ttf in Resources */,
				AFEADE232947BDC200891C14 /* Preview Assets.xcassets in Resources */,
				AFEADE422947C9FF00891C14 /* Quicksand-Light.ttf in Resources */,
				AFEADE202947BDC200891C14 /* Assets.xcassets in Resources */,
				AFEADE412947C9FF00891C14 /* Quicksand-Medium.ttf in Resources */,
			);
			runOnlyForDeploymentPostprocessing = 0;
		};
/* End PBXResourcesBuildPhase section */

/* Begin PBXSourcesBuildPhase section */
		AF0EE43D297C3AED006DD7E0 /* Sources */ = {
			isa = PBXSourcesBuildPhase;
			buildActionMask = 2147483647;
			files = (
				AF1DB53629828B3400D3B298 /* ItemEntityProviderMock.swift in Sources */,
				AF0EE444297C3AED006DD7E0 /* MarketTests.swift in Sources */,
			);
			runOnlyForDeploymentPostprocessing = 0;
		};
		AFEADE142947BDC100891C14 /* Sources */ = {
			isa = PBXSourcesBuildPhase;
			buildActionMask = 2147483647;
			files = (
				AF86425A297CA71700DCA0FA /* FocusFields.swift in Sources */,
				AF7C5CDE2975F89100801F39 /* Market.xcdatamodeld in Sources */,
				AFEADE312947C01700891C14 /* ListOverviewViewModel.swift in Sources */,
				AF8D2F9D29A2B3AD0089FE1A /* SectionEntity + Stubs.swift in Sources */,
				AF3483B32979B6D50018AE5F /* Container + Extensions.swift in Sources */,
				AFDC501129A96A6D000DAF1A /* ItemEntity+CoreDataClass.swift in Sources */,
				AFDC501329A96A6D000DAF1A /* SectionEntity+CoreDataClass.swift in Sources */,
				AFEADE482947CA7100891C14 /* FontKeys.swift in Sources */,
				AFEADE2F2947C00C00891C14 /* ListOverviewView.swift in Sources */,
				AF0EE43B297C370C006DD7E0 /* ItemEntity + Stubs.swift in Sources */,
				AFE0C5D029A78AFB00F3E825 /* UINavigationController + Appearance.swift in Sources */,
				AFEADE1C2947BDC100891C14 /* MarketApp.swift in Sources */,
				AF8D2F9929A29CCD0089FE1A /* SectionHeader.swift in Sources */,
				AF7C5CDB2975D12E00801F39 /* ItemRow.swift in Sources */,
				AFE3610B29AA759500C29FC0 /* IconKeys.swift in Sources */,
				AFEADE462947CA2000891C14 /* ColorKeys.swift in Sources */,
				AF3483B5297A9F940018AE5F /* TestView.swift in Sources */,
				AFDC501429A96A6D000DAF1A /* SectionEntity+CoreDataProperties.swift in Sources */,
				AFDC501229A96A6D000DAF1A /* ItemEntity+CoreDataProperties.swift in Sources */,
				AF8D2F9B29A2ABDA0089FE1A /* SectionEntityProvider.swift in Sources */,
				AF1DB53329816EB900D3B298 /* ItemEntityProvider.swift in Sources */,
				AF3483B8297A9FCE0018AE5F /* TestViewModel.swift in Sources */,
				AF1DB530297EE7B300D3B298 /* CoreDataManager.swift in Sources */,
				AFEADE4B2947CB2200891C14 /* ApplicationError.swift in Sources */,
			);
			runOnlyForDeploymentPostprocessing = 0;
		};
/* End PBXSourcesBuildPhase section */

/* Begin PBXTargetDependency section */
		AF0EE446297C3AED006DD7E0 /* PBXTargetDependency */ = {
			isa = PBXTargetDependency;
			target = AFEADE172947BDC100891C14 /* Market */;
			targetProxy = AF0EE445297C3AED006DD7E0 /* PBXContainerItemProxy */;
		};
/* End PBXTargetDependency section */

/* Begin XCBuildConfiguration section */
		AF0EE448297C3AED006DD7E0 /* Debug */ = {
			isa = XCBuildConfiguration;
			buildSettings = {
				BUNDLE_LOADER = "$(TEST_HOST)";
				CODE_SIGN_STYLE = Automatic;
				CURRENT_PROJECT_VERSION = 1;
				DEVELOPMENT_TEAM = UFFYTBE3CU;
				GENERATE_INFOPLIST_FILE = YES;
				IPHONEOS_DEPLOYMENT_TARGET = 16.2;
				MARKETING_VERSION = 1.0;
				PRODUCT_BUNDLE_IDENTIFIER = nl.casperdaris.MarketTests;
				PRODUCT_NAME = "$(TARGET_NAME)";
				SWIFT_EMIT_LOC_STRINGS = NO;
				SWIFT_VERSION = 5.0;
				TARGETED_DEVICE_FAMILY = "1,2";
				TEST_HOST = "$(BUILT_PRODUCTS_DIR)/Market.app/$(BUNDLE_EXECUTABLE_FOLDER_PATH)/Market";
			};
			name = Debug;
		};
		AF0EE449297C3AED006DD7E0 /* Release */ = {
			isa = XCBuildConfiguration;
			buildSettings = {
				BUNDLE_LOADER = "$(TEST_HOST)";
				CODE_SIGN_STYLE = Automatic;
				CURRENT_PROJECT_VERSION = 1;
				DEVELOPMENT_TEAM = UFFYTBE3CU;
				GENERATE_INFOPLIST_FILE = YES;
				IPHONEOS_DEPLOYMENT_TARGET = 16.2;
				MARKETING_VERSION = 1.0;
				PRODUCT_BUNDLE_IDENTIFIER = nl.casperdaris.MarketTests;
				PRODUCT_NAME = "$(TARGET_NAME)";
				SWIFT_EMIT_LOC_STRINGS = NO;
				SWIFT_VERSION = 5.0;
				TARGETED_DEVICE_FAMILY = "1,2";
				TEST_HOST = "$(BUILT_PRODUCTS_DIR)/Market.app/$(BUNDLE_EXECUTABLE_FOLDER_PATH)/Market";
			};
			name = Release;
		};
		AFEADE242947BDC200891C14 /* Debug */ = {
			isa = XCBuildConfiguration;
			buildSettings = {
				ALWAYS_SEARCH_USER_PATHS = NO;
				CLANG_ANALYZER_NONNULL = YES;
				CLANG_ANALYZER_NUMBER_OBJECT_CONVERSION = YES_AGGRESSIVE;
				CLANG_CXX_LANGUAGE_STANDARD = "gnu++20";
				CLANG_ENABLE_MODULES = YES;
				CLANG_ENABLE_OBJC_ARC = YES;
				CLANG_ENABLE_OBJC_WEAK = YES;
				CLANG_WARN_BLOCK_CAPTURE_AUTORELEASING = YES;
				CLANG_WARN_BOOL_CONVERSION = YES;
				CLANG_WARN_COMMA = YES;
				CLANG_WARN_CONSTANT_CONVERSION = YES;
				CLANG_WARN_DEPRECATED_OBJC_IMPLEMENTATIONS = YES;
				CLANG_WARN_DIRECT_OBJC_ISA_USAGE = YES_ERROR;
				CLANG_WARN_DOCUMENTATION_COMMENTS = YES;
				CLANG_WARN_EMPTY_BODY = YES;
				CLANG_WARN_ENUM_CONVERSION = YES;
				CLANG_WARN_INFINITE_RECURSION = YES;
				CLANG_WARN_INT_CONVERSION = YES;
				CLANG_WARN_NON_LITERAL_NULL_CONVERSION = YES;
				CLANG_WARN_OBJC_IMPLICIT_RETAIN_SELF = YES;
				CLANG_WARN_OBJC_LITERAL_CONVERSION = YES;
				CLANG_WARN_OBJC_ROOT_CLASS = YES_ERROR;
				CLANG_WARN_QUOTED_INCLUDE_IN_FRAMEWORK_HEADER = YES;
				CLANG_WARN_RANGE_LOOP_ANALYSIS = YES;
				CLANG_WARN_STRICT_PROTOTYPES = YES;
				CLANG_WARN_SUSPICIOUS_MOVE = YES;
				CLANG_WARN_UNGUARDED_AVAILABILITY = YES_AGGRESSIVE;
				CLANG_WARN_UNREACHABLE_CODE = YES;
				CLANG_WARN__DUPLICATE_METHOD_MATCH = YES;
				COPY_PHASE_STRIP = NO;
				DEBUG_INFORMATION_FORMAT = dwarf;
				ENABLE_STRICT_OBJC_MSGSEND = YES;
				ENABLE_TESTABILITY = YES;
				GCC_C_LANGUAGE_STANDARD = gnu11;
				GCC_DYNAMIC_NO_PIC = NO;
				GCC_NO_COMMON_BLOCKS = YES;
				GCC_OPTIMIZATION_LEVEL = 0;
				GCC_PREPROCESSOR_DEFINITIONS = (
					"DEBUG=1",
					"$(inherited)",
				);
				GCC_WARN_64_TO_32_BIT_CONVERSION = YES;
				GCC_WARN_ABOUT_RETURN_TYPE = YES_ERROR;
				GCC_WARN_UNDECLARED_SELECTOR = YES;
				GCC_WARN_UNINITIALIZED_AUTOS = YES_AGGRESSIVE;
				GCC_WARN_UNUSED_FUNCTION = YES;
				GCC_WARN_UNUSED_VARIABLE = YES;
				IPHONEOS_DEPLOYMENT_TARGET = 16.1;
				MTL_ENABLE_DEBUG_INFO = INCLUDE_SOURCE;
				MTL_FAST_MATH = YES;
				ONLY_ACTIVE_ARCH = YES;
				SDKROOT = iphoneos;
				SWIFT_ACTIVE_COMPILATION_CONDITIONS = DEBUG;
				SWIFT_OPTIMIZATION_LEVEL = "-Onone";
			};
			name = Debug;
		};
		AFEADE252947BDC200891C14 /* Release */ = {
			isa = XCBuildConfiguration;
			buildSettings = {
				ALWAYS_SEARCH_USER_PATHS = NO;
				CLANG_ANALYZER_NONNULL = YES;
				CLANG_ANALYZER_NUMBER_OBJECT_CONVERSION = YES_AGGRESSIVE;
				CLANG_CXX_LANGUAGE_STANDARD = "gnu++20";
				CLANG_ENABLE_MODULES = YES;
				CLANG_ENABLE_OBJC_ARC = YES;
				CLANG_ENABLE_OBJC_WEAK = YES;
				CLANG_WARN_BLOCK_CAPTURE_AUTORELEASING = YES;
				CLANG_WARN_BOOL_CONVERSION = YES;
				CLANG_WARN_COMMA = YES;
				CLANG_WARN_CONSTANT_CONVERSION = YES;
				CLANG_WARN_DEPRECATED_OBJC_IMPLEMENTATIONS = YES;
				CLANG_WARN_DIRECT_OBJC_ISA_USAGE = YES_ERROR;
				CLANG_WARN_DOCUMENTATION_COMMENTS = YES;
				CLANG_WARN_EMPTY_BODY = YES;
				CLANG_WARN_ENUM_CONVERSION = YES;
				CLANG_WARN_INFINITE_RECURSION = YES;
				CLANG_WARN_INT_CONVERSION = YES;
				CLANG_WARN_NON_LITERAL_NULL_CONVERSION = YES;
				CLANG_WARN_OBJC_IMPLICIT_RETAIN_SELF = YES;
				CLANG_WARN_OBJC_LITERAL_CONVERSION = YES;
				CLANG_WARN_OBJC_ROOT_CLASS = YES_ERROR;
				CLANG_WARN_QUOTED_INCLUDE_IN_FRAMEWORK_HEADER = YES;
				CLANG_WARN_RANGE_LOOP_ANALYSIS = YES;
				CLANG_WARN_STRICT_PROTOTYPES = YES;
				CLANG_WARN_SUSPICIOUS_MOVE = YES;
				CLANG_WARN_UNGUARDED_AVAILABILITY = YES_AGGRESSIVE;
				CLANG_WARN_UNREACHABLE_CODE = YES;
				CLANG_WARN__DUPLICATE_METHOD_MATCH = YES;
				COPY_PHASE_STRIP = NO;
				DEBUG_INFORMATION_FORMAT = "dwarf-with-dsym";
				ENABLE_NS_ASSERTIONS = NO;
				ENABLE_STRICT_OBJC_MSGSEND = YES;
				GCC_C_LANGUAGE_STANDARD = gnu11;
				GCC_NO_COMMON_BLOCKS = YES;
				GCC_WARN_64_TO_32_BIT_CONVERSION = YES;
				GCC_WARN_ABOUT_RETURN_TYPE = YES_ERROR;
				GCC_WARN_UNDECLARED_SELECTOR = YES;
				GCC_WARN_UNINITIALIZED_AUTOS = YES_AGGRESSIVE;
				GCC_WARN_UNUSED_FUNCTION = YES;
				GCC_WARN_UNUSED_VARIABLE = YES;
				IPHONEOS_DEPLOYMENT_TARGET = 16.1;
				MTL_ENABLE_DEBUG_INFO = NO;
				MTL_FAST_MATH = YES;
				SDKROOT = iphoneos;
				SWIFT_COMPILATION_MODE = wholemodule;
				SWIFT_OPTIMIZATION_LEVEL = "-O";
				VALIDATE_PRODUCT = YES;
			};
			name = Release;
		};
		AFEADE272947BDC200891C14 /* Debug */ = {
			isa = XCBuildConfiguration;
			buildSettings = {
				ASSETCATALOG_COMPILER_APPICON_NAME = AppIcon;
				ASSETCATALOG_COMPILER_GLOBAL_ACCENT_COLOR_NAME = AccentColor;
				CODE_SIGN_STYLE = Automatic;
				CURRENT_PROJECT_VERSION = 1;
				DEVELOPMENT_ASSET_PATHS = "\"Market/Preview Content\"";
				DEVELOPMENT_TEAM = UFFYTBE3CU;
				ENABLE_PREVIEWS = YES;
				GENERATE_INFOPLIST_FILE = YES;
				INFOPLIST_FILE = Market/Info.plist;
				INFOPLIST_KEY_UIApplicationSceneManifest_Generation = YES;
				INFOPLIST_KEY_UIApplicationSupportsIndirectInputEvents = YES;
				INFOPLIST_KEY_UILaunchScreen_Generation = YES;
				INFOPLIST_KEY_UISupportedInterfaceOrientations_iPad = "UIInterfaceOrientationPortrait UIInterfaceOrientationPortraitUpsideDown UIInterfaceOrientationLandscapeLeft UIInterfaceOrientationLandscapeRight";
				INFOPLIST_KEY_UISupportedInterfaceOrientations_iPhone = "UIInterfaceOrientationPortrait UIInterfaceOrientationLandscapeLeft UIInterfaceOrientationLandscapeRight";
				LD_RUNPATH_SEARCH_PATHS = (
					"$(inherited)",
					"@executable_path/Frameworks",
				);
				MARKETING_VERSION = 1.0;
				PRODUCT_BUNDLE_IDENTIFIER = nl.casperdaris.Groceries;
				PRODUCT_NAME = "$(TARGET_NAME)";
				SWIFT_EMIT_LOC_STRINGS = YES;
				SWIFT_STRICT_CONCURRENCY = minimal;
				SWIFT_VERSION = 5.0;
				TARGETED_DEVICE_FAMILY = "1,2";
			};
			name = Debug;
		};
		AFEADE282947BDC200891C14 /* Release */ = {
			isa = XCBuildConfiguration;
			buildSettings = {
				ASSETCATALOG_COMPILER_APPICON_NAME = AppIcon;
				ASSETCATALOG_COMPILER_GLOBAL_ACCENT_COLOR_NAME = AccentColor;
				CODE_SIGN_STYLE = Automatic;
				CURRENT_PROJECT_VERSION = 1;
				DEVELOPMENT_ASSET_PATHS = "\"Market/Preview Content\"";
				DEVELOPMENT_TEAM = UFFYTBE3CU;
				ENABLE_PREVIEWS = YES;
				GENERATE_INFOPLIST_FILE = YES;
				INFOPLIST_FILE = Market/Info.plist;
				INFOPLIST_KEY_UIApplicationSceneManifest_Generation = YES;
				INFOPLIST_KEY_UIApplicationSupportsIndirectInputEvents = YES;
				INFOPLIST_KEY_UILaunchScreen_Generation = YES;
				INFOPLIST_KEY_UISupportedInterfaceOrientations_iPad = "UIInterfaceOrientationPortrait UIInterfaceOrientationPortraitUpsideDown UIInterfaceOrientationLandscapeLeft UIInterfaceOrientationLandscapeRight";
				INFOPLIST_KEY_UISupportedInterfaceOrientations_iPhone = "UIInterfaceOrientationPortrait UIInterfaceOrientationLandscapeLeft UIInterfaceOrientationLandscapeRight";
				LD_RUNPATH_SEARCH_PATHS = (
					"$(inherited)",
					"@executable_path/Frameworks",
				);
				MARKETING_VERSION = 1.0;
				PRODUCT_BUNDLE_IDENTIFIER = nl.casperdaris.Groceries;
				PRODUCT_NAME = "$(TARGET_NAME)";
				SWIFT_EMIT_LOC_STRINGS = YES;
				SWIFT_STRICT_CONCURRENCY = minimal;
				SWIFT_VERSION = 5.0;
				TARGETED_DEVICE_FAMILY = "1,2";
			};
			name = Release;
		};
/* End XCBuildConfiguration section */

/* Begin XCConfigurationList section */
		AF0EE447297C3AED006DD7E0 /* Build configuration list for PBXNativeTarget "MarketTests" */ = {
			isa = XCConfigurationList;
			buildConfigurations = (
				AF0EE448297C3AED006DD7E0 /* Debug */,
				AF0EE449297C3AED006DD7E0 /* Release */,
			);
			defaultConfigurationIsVisible = 0;
			defaultConfigurationName = Release;
		};
		AFEADE132947BDC100891C14 /* Build configuration list for PBXProject "Market" */ = {
			isa = XCConfigurationList;
			buildConfigurations = (
				AFEADE242947BDC200891C14 /* Debug */,
				AFEADE252947BDC200891C14 /* Release */,
			);
			defaultConfigurationIsVisible = 0;
			defaultConfigurationName = Release;
		};
		AFEADE262947BDC200891C14 /* Build configuration list for PBXNativeTarget "Market" */ = {
			isa = XCConfigurationList;
			buildConfigurations = (
				AFEADE272947BDC200891C14 /* Debug */,
				AFEADE282947BDC200891C14 /* Release */,
			);
			defaultConfigurationIsVisible = 0;
			defaultConfigurationName = Release;
		};
/* End XCConfigurationList section */

/* Begin XCRemoteSwiftPackageReference section */
		AF3483AE2979B6AE0018AE5F /* XCRemoteSwiftPackageReference "Factory" */ = {
			isa = XCRemoteSwiftPackageReference;
			repositoryURL = "https://github.com/hmlongco/Factory";
			requirement = {
				kind = upToNextMinorVersion;
				minimumVersion = 1.3.0;
			};
		};
/* End XCRemoteSwiftPackageReference section */

/* Begin XCSwiftPackageProductDependency section */
		AF3483AF2979B6AE0018AE5F /* Factory */ = {
			isa = XCSwiftPackageProductDependency;
			package = AF3483AE2979B6AE0018AE5F /* XCRemoteSwiftPackageReference "Factory" */;
			productName = Factory;
		};
/* End XCSwiftPackageProductDependency section */

/* Begin XCVersionGroup section */
		AF7C5CDC2975F89100801F39 /* Market.xcdatamodeld */ = {
			isa = XCVersionGroup;
			children = (
				AF7C5CDD2975F89100801F39 /* Market.xcdatamodel */,
			);
			currentVersion = AF7C5CDD2975F89100801F39 /* Market.xcdatamodel */;
			path = Market.xcdatamodeld;
			sourceTree = "<group>";
			versionGroupType = wrapper.xcdatamodel;
		};
/* End XCVersionGroup section */
	};
	rootObject = AFEADE102947BDC100891C14 /* Project object */;
}
